
Microsoft Visual Studio Solution File, Format Version 12.00
# Visual Studio Version 16
VisualStudioVersion = 16.0.31729.503
MinimumVisualStudioVersion = 10.0.40219.1
Project("{FAE04EC0-301F-11D3-BF4B-00C04F79EFBC}") = "CatalogoJogosAPI", "CatalogoJogosAPI\CatalogoJogosAPI.csproj", "{69FD4CEA-6914-4D9A-9728-DAAF63DAED8F}"
EndProject
Global
	GlobalSection(SolutionConfigurationPlatforms) = preSolution
		Debug|Any CPU = Debug|Any CPU
		Release|Any CPU = Release|Any CPU
	EndGlobalSection
	GlobalSection(ProjectConfigurationPlatforms) = postSolution
		{69FD4CEA-6914-4D9A-9728-DAAF63DAED8F}.Debug|Any CPU.ActiveCfg = Debug|Any CPU
		{69FD4CEA-6914-4D9A-9728-DAAF63DAED8F}.Debug|Any CPU.Build.0 = Debug|Any CPU
		{69FD4CEA-6914-4D9A-9728-DAAF63DAED8F}.Release|Any CPU.ActiveCfg = Release|Any CPU
		{69FD4CEA-6914-4D9A-9728-DAAF63DAED8F}.Release|Any CPU.Build.0 = Release|Any CPU
	EndGlobalSection
	GlobalSection(SolutionProperties) = preSolution
		HideSolutionNode = FALSE
	EndGlobalSection
	GlobalSection(ExtensibilityGlobals) = postSolution
		SolutionGuid = {DD37B892-5B91-4C39-9B18-440C7FF9C691}
	EndGlobalSection
EndGlobal
